
Microsoft Visual Studio Solution File, Format Version 12.00
# Visual Studio Version 17
VisualStudioVersion = 17.10.34928.147
MinimumVisualStudioVersion = 10.0.40219.1
Project("{FAE04EC0-301F-11D3-BF4B-00C04F79EFBC}") = "Singleton Pattern", "Singleton Pattern\Singleton Pattern.csproj", "{A77B6A0F-47CA-4B7E-B222-62B8EC73B2CB}"
EndProject
Project("{FAE04EC0-301F-11D3-BF4B-00C04F79EFBC}") = "Builder Pattern", "Builder Pattern\Builder Pattern.csproj", "{6BACFA70-0414-4323-9356-6A71737A6B4C}"
EndProject
Project("{FAE04EC0-301F-11D3-BF4B-00C04F79EFBC}") = "Factory Method", "Factory Method\Factory Method.csproj", "{C8663557-FC96-4B01-90EA-CC22CAC403A8}"
EndProject
Project("{FAE04EC0-301F-11D3-BF4B-00C04F79EFBC}") = "Prototype Pattern", "Prototype Pattern\Prototype Pattern.csproj", "{A92FF22C-45C5-4415-8451-FCCCB3A2D340}"
EndProject
Global
	GlobalSection(SolutionConfigurationPlatforms) = preSolution
		Debug|Any CPU = Debug|Any CPU
		Release|Any CPU = Release|Any CPU
	EndGlobalSection
	GlobalSection(ProjectConfigurationPlatforms) = postSolution
		{A77B6A0F-47CA-4B7E-B222-62B8EC73B2CB}.Debug|Any CPU.ActiveCfg = Debug|Any CPU
		{A77B6A0F-47CA-4B7E-B222-62B8EC73B2CB}.Debug|Any CPU.Build.0 = Debug|Any CPU
		{A77B6A0F-47CA-4B7E-B222-62B8EC73B2CB}.Release|Any CPU.ActiveCfg = Release|Any CPU
		{A77B6A0F-47CA-4B7E-B222-62B8EC73B2CB}.Release|Any CPU.Build.0 = Release|Any CPU
		{6BACFA70-0414-4323-9356-6A71737A6B4C}.Debug|Any CPU.ActiveCfg = Debug|Any CPU
		{6BACFA70-0414-4323-9356-6A71737A6B4C}.Debug|Any CPU.Build.0 = Debug|Any CPU
		{6BACFA70-0414-4323-9356-6A71737A6B4C}.Release|Any CPU.ActiveCfg = Release|Any CPU
		{6BACFA70-0414-4323-9356-6A71737A6B4C}.Release|Any CPU.Build.0 = Release|Any CPU
		{C8663557-FC96-4B01-90EA-CC22CAC403A8}.Debug|Any CPU.ActiveCfg = Debug|Any CPU
		{C8663557-FC96-4B01-90EA-CC22CAC403A8}.Debug|Any CPU.Build.0 = Debug|Any CPU
		{C8663557-FC96-4B01-90EA-CC22CAC403A8}.Release|Any CPU.ActiveCfg = Release|Any CPU
		{C8663557-FC96-4B01-90EA-CC22CAC403A8}.Release|Any CPU.Build.0 = Release|Any CPU
		{A92FF22C-45C5-4415-8451-FCCCB3A2D340}.Debug|Any CPU.ActiveCfg = Debug|Any CPU
		{A92FF22C-45C5-4415-8451-FCCCB3A2D340}.Debug|Any CPU.Build.0 = Debug|Any CPU
		{A92FF22C-45C5-4415-8451-FCCCB3A2D340}.Release|Any CPU.ActiveCfg = Release|Any CPU
		{A92FF22C-45C5-4415-8451-FCCCB3A2D340}.Release|Any CPU.Build.0 = Release|Any CPU
	EndGlobalSection
	GlobalSection(SolutionProperties) = preSolution
		HideSolutionNode = FALSE
	EndGlobalSection
	GlobalSection(ExtensibilityGlobals) = postSolution
		SolutionGuid = {3F9DB1D6-060E-4E39-A817-CB7EB27D49E9}
	EndGlobalSection
EndGlobal
